
Microsoft Visual Studio Solution File, Format Version 12.00
# Visual Studio Version 17
VisualStudioVersion = 17.9.34622.214
MinimumVisualStudioVersion = 10.0.40219.1
Project("{FAE04EC0-301F-11D3-BF4B-00C04F79EFBC}") = "HotelFinder.Entities", "HotelFinder.Entities\HotelFinder.Entities.csproj", "{737D23A0-C960-4FD5-B855-66F8A5C3476B}"
EndProject
Project("{FAE04EC0-301F-11D3-BF4B-00C04F79EFBC}") = "HotelFinder.DataAccess", "HotelFinder.DataAccess\HotelFinder.DataAccess.csproj", "{09DC40EC-CC89-491E-A2C1-05EECB66A63D}"
EndProject
Project("{FAE04EC0-301F-11D3-BF4B-00C04F79EFBC}") = "HotelFinder.Business", "HotelFinder.Business\HotelFinder.Business.csproj", "{CF92C114-3512-4CA7-9052-FA4B8F700ADD}"
EndProject
Project("{FAE04EC0-301F-11D3-BF4B-00C04F79EFBC}") = "HotelFinder.API", "WebApplication1\HotelFinder.API.csproj", "{7270203C-DA64-4160-9D42-F4804878A373}"
EndProject
Global
	GlobalSection(SolutionConfigurationPlatforms) = preSolution
		Debug|Any CPU = Debug|Any CPU
		Release|Any CPU = Release|Any CPU
	EndGlobalSection
	GlobalSection(ProjectConfigurationPlatforms) = postSolution
		{737D23A0-C960-4FD5-B855-66F8A5C3476B}.Debug|Any CPU.ActiveCfg = Debug|Any CPU
		{737D23A0-C960-4FD5-B855-66F8A5C3476B}.Debug|Any CPU.Build.0 = Debug|Any CPU
		{737D23A0-C960-4FD5-B855-66F8A5C3476B}.Release|Any CPU.ActiveCfg = Release|Any CPU
		{737D23A0-C960-4FD5-B855-66F8A5C3476B}.Release|Any CPU.Build.0 = Release|Any CPU
		{09DC40EC-CC89-491E-A2C1-05EECB66A63D}.Debug|Any CPU.ActiveCfg = Debug|Any CPU
		{09DC40EC-CC89-491E-A2C1-05EECB66A63D}.Debug|Any CPU.Build.0 = Debug|Any CPU
		{09DC40EC-CC89-491E-A2C1-05EECB66A63D}.Release|Any CPU.ActiveCfg = Release|Any CPU
		{09DC40EC-CC89-491E-A2C1-05EECB66A63D}.Release|Any CPU.Build.0 = Release|Any CPU
		{CF92C114-3512-4CA7-9052-FA4B8F700ADD}.Debug|Any CPU.ActiveCfg = Debug|Any CPU
		{CF92C114-3512-4CA7-9052-FA4B8F700ADD}.Debug|Any CPU.Build.0 = Debug|Any CPU
		{CF92C114-3512-4CA7-9052-FA4B8F700ADD}.Release|Any CPU.ActiveCfg = Release|Any CPU
		{CF92C114-3512-4CA7-9052-FA4B8F700ADD}.Release|Any CPU.Build.0 = Release|Any CPU
		{7270203C-DA64-4160-9D42-F4804878A373}.Debug|Any CPU.ActiveCfg = Debug|Any CPU
		{7270203C-DA64-4160-9D42-F4804878A373}.Debug|Any CPU.Build.0 = Debug|Any CPU
		{7270203C-DA64-4160-9D42-F4804878A373}.Release|Any CPU.ActiveCfg = Release|Any CPU
		{7270203C-DA64-4160-9D42-F4804878A373}.Release|Any CPU.Build.0 = Release|Any CPU
	EndGlobalSection
	GlobalSection(SolutionProperties) = preSolution
		HideSolutionNode = FALSE
	EndGlobalSection
	GlobalSection(ExtensibilityGlobals) = postSolution
		SolutionGuid = {81AE9777-1ABC-4BC0-B5CF-6F35CD4422FA}
	EndGlobalSection
EndGlobal
